
Microsoft Visual Studio Solution File, Format Version 12.00
# Visual Studio Version 16
VisualStudioVersion = 16.0.30717.126
MinimumVisualStudioVersion = 10.0.40219.1
Project("{FAE04EC0-301F-11D3-BF4B-00C04F79EFBC}") = "UiSfenReport", "Sources\UiSfenReport\UiSfenReport.csproj", "{56F57764-1BF7-4CB9-9757-D69778DE1BB0}"
EndProject
Project("{FAE04EC0-301F-11D3-BF4B-00C04F79EFBC}") = "Engine", "Sources\Engine\Engine.csproj", "{E96A7341-B8E6-4979-8B2A-94FF2818962C}"
EndProject
Project("{FAE04EC0-301F-11D3-BF4B-00C04F79EFBC}") = "UseCases", "Sources\UseCase\UseCases.csproj", "{70AEF273-46C9-4E60-AC97-8AEADA3ED5F7}"
EndProject
Project("{FAE04EC0-301F-11D3-BF4B-00C04F79EFBC}") = "GuiOfNarabe", "Sources\GuiOfNarabe\GuiOfNarabe.csproj", "{9593ACC7-348B-4868-892C-7BAFBF925B9D}"
EndProject
Project("{FAE04EC0-301F-11D3-BF4B-00C04F79EFBC}") = "GuiOfNarabeVs", "Sources\GuiOfNarabeVs\GuiOfNarabeVs.csproj", "{F021F9E5-8184-4B45-83AC-117CEF77F77A}"
EndProject
Project("{FAE04EC0-301F-11D3-BF4B-00C04F79EFBC}") = "Entities", "Sources\Entities\Entities.csproj", "{FF107244-EEAB-481E-9017-F6D3DFFB23DF}"
EndProject
Project("{FAE04EC0-301F-11D3-BF4B-00C04F79EFBC}") = "GuiOfSyugoron", "Sources\GuiOfSyugoron\GuiOfSyugoron.csproj", "{8DA09A28-62D8-4CC2-A975-CCE0CF0DA4B9}"
EndProject
Project("{FAE04EC0-301F-11D3-BF4B-00C04F79EFBC}") = "GuiOfNarabeExe", "Sources\GuiOfNarabeExe\GuiOfNarabeExe.csproj", "{E4C2F60C-06BF-472F-9AFF-474BD069FE02}"
EndProject
Global
	GlobalSection(SolutionConfigurationPlatforms) = preSolution
		Debug|Any CPU = Debug|Any CPU
		Debug|Mixed Platforms = Debug|Mixed Platforms
		Debug|x64 = Debug|x64
		Release|Any CPU = Release|Any CPU
		Release|Mixed Platforms = Release|Mixed Platforms
		Release|x64 = Release|x64
	EndGlobalSection
	GlobalSection(ProjectConfigurationPlatforms) = postSolution
		{56F57764-1BF7-4CB9-9757-D69778DE1BB0}.Debug|Any CPU.ActiveCfg = Debug|Any CPU
		{56F57764-1BF7-4CB9-9757-D69778DE1BB0}.Debug|Any CPU.Build.0 = Debug|Any CPU
		{56F57764-1BF7-4CB9-9757-D69778DE1BB0}.Debug|Mixed Platforms.ActiveCfg = Debug|Any CPU
		{56F57764-1BF7-4CB9-9757-D69778DE1BB0}.Debug|Mixed Platforms.Build.0 = Debug|Any CPU
		{56F57764-1BF7-4CB9-9757-D69778DE1BB0}.Debug|x64.ActiveCfg = Debug|Any CPU
		{56F57764-1BF7-4CB9-9757-D69778DE1BB0}.Debug|x64.Build.0 = Debug|Any CPU
		{56F57764-1BF7-4CB9-9757-D69778DE1BB0}.Release|Any CPU.ActiveCfg = Release|Any CPU
		{56F57764-1BF7-4CB9-9757-D69778DE1BB0}.Release|Any CPU.Build.0 = Release|Any CPU
		{56F57764-1BF7-4CB9-9757-D69778DE1BB0}.Release|Mixed Platforms.ActiveCfg = Release|Any CPU
		{56F57764-1BF7-4CB9-9757-D69778DE1BB0}.Release|Mixed Platforms.Build.0 = Release|Any CPU
		{56F57764-1BF7-4CB9-9757-D69778DE1BB0}.Release|x64.ActiveCfg = Release|Any CPU
		{56F57764-1BF7-4CB9-9757-D69778DE1BB0}.Release|x64.Build.0 = Release|Any CPU
		{E96A7341-B8E6-4979-8B2A-94FF2818962C}.Debug|Any CPU.ActiveCfg = Debug|Any CPU
		{E96A7341-B8E6-4979-8B2A-94FF2818962C}.Debug|Any CPU.Build.0 = Debug|Any CPU
		{E96A7341-B8E6-4979-8B2A-94FF2818962C}.Debug|Mixed Platforms.ActiveCfg = Debug|Any CPU
		{E96A7341-B8E6-4979-8B2A-94FF2818962C}.Debug|Mixed Platforms.Build.0 = Debug|Any CPU
		{E96A7341-B8E6-4979-8B2A-94FF2818962C}.Debug|x64.ActiveCfg = Debug|Any CPU
		{E96A7341-B8E6-4979-8B2A-94FF2818962C}.Debug|x64.Build.0 = Debug|Any CPU
		{E96A7341-B8E6-4979-8B2A-94FF2818962C}.Release|Any CPU.ActiveCfg = Release|Any CPU
		{E96A7341-B8E6-4979-8B2A-94FF2818962C}.Release|Any CPU.Build.0 = Release|Any CPU
		{E96A7341-B8E6-4979-8B2A-94FF2818962C}.Release|Mixed Platforms.ActiveCfg = Release|Any CPU
		{E96A7341-B8E6-4979-8B2A-94FF2818962C}.Release|Mixed Platforms.Build.0 = Release|Any CPU
		{E96A7341-B8E6-4979-8B2A-94FF2818962C}.Release|x64.ActiveCfg = Release|Any CPU
		{E96A7341-B8E6-4979-8B2A-94FF2818962C}.Release|x64.Build.0 = Release|Any CPU
		{70AEF273-46C9-4E60-AC97-8AEADA3ED5F7}.Debug|Any CPU.ActiveCfg = Debug|Any CPU
		{70AEF273-46C9-4E60-AC97-8AEADA3ED5F7}.Debug|Any CPU.Build.0 = Debug|Any CPU
		{70AEF273-46C9-4E60-AC97-8AEADA3ED5F7}.Debug|Mixed Platforms.ActiveCfg = Debug|Any CPU
		{70AEF273-46C9-4E60-AC97-8AEADA3ED5F7}.Debug|Mixed Platforms.Build.0 = Debug|Any CPU
		{70AEF273-46C9-4E60-AC97-8AEADA3ED5F7}.Debug|x64.ActiveCfg = Debug|Any CPU
		{70AEF273-46C9-4E60-AC97-8AEADA3ED5F7}.Debug|x64.Build.0 = Debug|Any CPU
		{70AEF273-46C9-4E60-AC97-8AEADA3ED5F7}.Release|Any CPU.ActiveCfg = Release|Any CPU
		{70AEF273-46C9-4E60-AC97-8AEADA3ED5F7}.Release|Any CPU.Build.0 = Release|Any CPU
		{70AEF273-46C9-4E60-AC97-8AEADA3ED5F7}.Release|Mixed Platforms.ActiveCfg = Release|Any CPU
		{70AEF273-46C9-4E60-AC97-8AEADA3ED5F7}.Release|Mixed Platforms.Build.0 = Release|Any CPU
		{70AEF273-46C9-4E60-AC97-8AEADA3ED5F7}.Release|x64.ActiveCfg = Release|Any CPU
		{70AEF273-46C9-4E60-AC97-8AEADA3ED5F7}.Release|x64.Build.0 = Release|Any CPU
		{9593ACC7-348B-4868-892C-7BAFBF925B9D}.Debug|Any CPU.ActiveCfg = Debug|Any CPU
		{9593ACC7-348B-4868-892C-7BAFBF925B9D}.Debug|Any CPU.Build.0 = Debug|Any CPU
		{9593ACC7-348B-4868-892C-7BAFBF925B9D}.Debug|Mixed Platforms.ActiveCfg = Debug|Any CPU
		{9593ACC7-348B-4868-892C-7BAFBF925B9D}.Debug|Mixed Platforms.Build.0 = Debug|Any CPU
		{9593ACC7-348B-4868-892C-7BAFBF925B9D}.Debug|x64.ActiveCfg = Debug|Any CPU
		{9593ACC7-348B-4868-892C-7BAFBF925B9D}.Debug|x64.Build.0 = Debug|Any CPU
		{9593ACC7-348B-4868-892C-7BAFBF925B9D}.Release|Any CPU.ActiveCfg = Release|Any CPU
		{9593ACC7-348B-4868-892C-7BAFBF925B9D}.Release|Any CPU.Build.0 = Release|Any CPU
		{9593ACC7-348B-4868-892C-7BAFBF925B9D}.Release|Mixed Platforms.ActiveCfg = Release|Any CPU
		{9593ACC7-348B-4868-892C-7BAFBF925B9D}.Release|Mixed Platforms.Build.0 = Release|Any CPU
		{9593ACC7-348B-4868-892C-7BAFBF925B9D}.Release|x64.ActiveCfg = Release|Any CPU
		{9593ACC7-348B-4868-892C-7BAFBF925B9D}.Release|x64.Build.0 = Release|Any CPU
		{F021F9E5-8184-4B45-83AC-117CEF77F77A}.Debug|Any CPU.ActiveCfg = Debug|Any CPU
		{F021F9E5-8184-4B45-83AC-117CEF77F77A}.Debug|Any CPU.Build.0 = Debug|Any CPU
		{F021F9E5-8184-4B45-83AC-117CEF77F77A}.Debug|Mixed Platforms.ActiveCfg = Debug|Any CPU
		{F021F9E5-8184-4B45-83AC-117CEF77F77A}.Debug|Mixed Platforms.Build.0 = Debug|Any CPU
		{F021F9E5-8184-4B45-83AC-117CEF77F77A}.Debug|x64.ActiveCfg = Debug|Any CPU
		{F021F9E5-8184-4B45-83AC-117CEF77F77A}.Debug|x64.Build.0 = Debug|Any CPU
		{F021F9E5-8184-4B45-83AC-117CEF77F77A}.Release|Any CPU.ActiveCfg = Release|Any CPU
		{F021F9E5-8184-4B45-83AC-117CEF77F77A}.Release|Any CPU.Build.0 = Release|Any CPU
		{F021F9E5-8184-4B45-83AC-117CEF77F77A}.Release|Mixed Platforms.ActiveCfg = Release|Any CPU
		{F021F9E5-8184-4B45-83AC-117CEF77F77A}.Release|Mixed Platforms.Build.0 = Release|Any CPU
		{F021F9E5-8184-4B45-83AC-117CEF77F77A}.Release|x64.ActiveCfg = Release|Any CPU
		{F021F9E5-8184-4B45-83AC-117CEF77F77A}.Release|x64.Build.0 = Release|Any CPU
		{FF107244-EEAB-481E-9017-F6D3DFFB23DF}.Debug|Any CPU.ActiveCfg = Debug|Any CPU
		{FF107244-EEAB-481E-9017-F6D3DFFB23DF}.Debug|Any CPU.Build.0 = Debug|Any CPU
		{FF107244-EEAB-481E-9017-F6D3DFFB23DF}.Debug|Mixed Platforms.ActiveCfg = Debug|Any CPU
		{FF107244-EEAB-481E-9017-F6D3DFFB23DF}.Debug|Mixed Platforms.Build.0 = Debug|Any CPU
		{FF107244-EEAB-481E-9017-F6D3DFFB23DF}.Debug|x64.ActiveCfg = Debug|Any CPU
		{FF107244-EEAB-481E-9017-F6D3DFFB23DF}.Debug|x64.Build.0 = Debug|Any CPU
		{FF107244-EEAB-481E-9017-F6D3DFFB23DF}.Release|Any CPU.ActiveCfg = Release|Any CPU
		{FF107244-EEAB-481E-9017-F6D3DFFB23DF}.Release|Any CPU.Build.0 = Release|Any CPU
		{FF107244-EEAB-481E-9017-F6D3DFFB23DF}.Release|Mixed Platforms.ActiveCfg = Release|Any CPU
		{FF107244-EEAB-481E-9017-F6D3DFFB23DF}.Release|Mixed Platforms.Build.0 = Release|Any CPU
		{FF107244-EEAB-481E-9017-F6D3DFFB23DF}.Release|x64.ActiveCfg = Release|Any CPU
		{FF107244-EEAB-481E-9017-F6D3DFFB23DF}.Release|x64.Build.0 = Release|Any CPU
		{8DA09A28-62D8-4CC2-A975-CCE0CF0DA4B9}.Debug|Any CPU.ActiveCfg = Debug|Any CPU
		{8DA09A28-62D8-4CC2-A975-CCE0CF0DA4B9}.Debug|Any CPU.Build.0 = Debug|Any CPU
		{8DA09A28-62D8-4CC2-A975-CCE0CF0DA4B9}.Debug|Mixed Platforms.ActiveCfg = Debug|Any CPU
		{8DA09A28-62D8-4CC2-A975-CCE0CF0DA4B9}.Debug|Mixed Platforms.Build.0 = Debug|Any CPU
		{8DA09A28-62D8-4CC2-A975-CCE0CF0DA4B9}.Debug|x64.ActiveCfg = Debug|Any CPU
		{8DA09A28-62D8-4CC2-A975-CCE0CF0DA4B9}.Debug|x64.Build.0 = Debug|Any CPU
		{8DA09A28-62D8-4CC2-A975-CCE0CF0DA4B9}.Release|Any CPU.ActiveCfg = Release|Any CPU
		{8DA09A28-62D8-4CC2-A975-CCE0CF0DA4B9}.Release|Any CPU.Build.0 = Release|Any CPU
		{8DA09A28-62D8-4CC2-A975-CCE0CF0DA4B9}.Release|Mixed Platforms.ActiveCfg = Release|Any CPU
		{8DA09A28-62D8-4CC2-A975-CCE0CF0DA4B9}.Release|Mixed Platforms.Build.0 = Release|Any CPU
		{8DA09A28-62D8-4CC2-A975-CCE0CF0DA4B9}.Release|x64.ActiveCfg = Release|Any CPU
		{8DA09A28-62D8-4CC2-A975-CCE0CF0DA4B9}.Release|x64.Build.0 = Release|Any CPU
		{E4C2F60C-06BF-472F-9AFF-474BD069FE02}.Debug|Any CPU.ActiveCfg = Debug|Any CPU
		{E4C2F60C-06BF-472F-9AFF-474BD069FE02}.Debug|Any CPU.Build.0 = Debug|Any CPU
		{E4C2F60C-06BF-472F-9AFF-474BD069FE02}.Debug|Mixed Platforms.ActiveCfg = Debug|Any CPU
		{E4C2F60C-06BF-472F-9AFF-474BD069FE02}.Debug|Mixed Platforms.Build.0 = Debug|Any CPU
		{E4C2F60C-06BF-472F-9AFF-474BD069FE02}.Debug|x64.ActiveCfg = Debug|Any CPU
		{E4C2F60C-06BF-472F-9AFF-474BD069FE02}.Debug|x64.Build.0 = Debug|Any CPU
		{E4C2F60C-06BF-472F-9AFF-474BD069FE02}.Release|Any CPU.ActiveCfg = Release|Any CPU
		{E4C2F60C-06BF-472F-9AFF-474BD069FE02}.Release|Any CPU.Build.0 = Release|Any CPU
		{E4C2F60C-06BF-472F-9AFF-474BD069FE02}.Release|Mixed Platforms.ActiveCfg = Release|Any CPU
		{E4C2F60C-06BF-472F-9AFF-474BD069FE02}.Release|Mixed Platforms.Build.0 = Release|Any CPU
		{E4C2F60C-06BF-472F-9AFF-474BD069FE02}.Release|x64.ActiveCfg = Release|Any CPU
		{E4C2F60C-06BF-472F-9AFF-474BD069FE02}.Release|x64.Build.0 = Release|Any CPU
	EndGlobalSection
	GlobalSection(SolutionProperties) = preSolution
		HideSolutionNode = FALSE
	EndGlobalSection
	GlobalSection(ExtensibilityGlobals) = postSolution
		SolutionGuid = {43CB9FCB-D109-4BFA-AD81-E65685D983C1}
	EndGlobalSection
EndGlobal
