
Microsoft Visual Studio Solution File, Format Version 12.00
# Visual Studio Express 2012 for Windows Desktop
Project("{FAE04EC0-301F-11D3-BF4B-00C04F79EFBC}") = "P025_KifuLarabe", "..\P025_KifuLarabe\KifuLarabe\P025_KifuLarabe.csproj", "{18FB9B6E-95B2-47FE-A2F6-4FD865ABD804}"
EndProject
Project("{FAE04EC0-301F-11D3-BF4B-00C04F79EFBC}") = "P012_KnowledgeShogi", "..\P012_KnowledgeShogi\KnowledgeShogi\P012_KnowledgeShogi.csproj", "{D41AAFBA-8568-4975-ADF1-C3D440E73744}"
EndProject
Project("{FAE04EC0-301F-11D3-BF4B-00C04F79EFBC}") = "P013_ShogiSyugoronTester", "ShogiSyugoronTester\P013_ShogiSyugoronTester.csproj", "{52C00B8B-9FDD-4F0F-9570-6641EF65086E}"
EndProject
Project("{FAE04EC0-301F-11D3-BF4B-00C04F79EFBC}") = "P006_Syugoron", "..\P006_Syugoron\Syugoron\P006_Syugoron.csproj", "{8DA09A28-62D8-4CC2-A975-CCE0CF0DA4B9}"
EndProject
Global
	GlobalSection(SolutionConfigurationPlatforms) = preSolution
		Debug|Any CPU = Debug|Any CPU
		Release|Any CPU = Release|Any CPU
	EndGlobalSection
	GlobalSection(ProjectConfigurationPlatforms) = postSolution
		{18FB9B6E-95B2-47FE-A2F6-4FD865ABD804}.Debug|Any CPU.ActiveCfg = Debug|Any CPU
		{18FB9B6E-95B2-47FE-A2F6-4FD865ABD804}.Debug|Any CPU.Build.0 = Debug|Any CPU
		{18FB9B6E-95B2-47FE-A2F6-4FD865ABD804}.Release|Any CPU.ActiveCfg = Release|Any CPU
		{18FB9B6E-95B2-47FE-A2F6-4FD865ABD804}.Release|Any CPU.Build.0 = Release|Any CPU
		{D41AAFBA-8568-4975-ADF1-C3D440E73744}.Debug|Any CPU.ActiveCfg = Debug|Any CPU
		{D41AAFBA-8568-4975-ADF1-C3D440E73744}.Debug|Any CPU.Build.0 = Debug|Any CPU
		{D41AAFBA-8568-4975-ADF1-C3D440E73744}.Release|Any CPU.ActiveCfg = Release|Any CPU
		{D41AAFBA-8568-4975-ADF1-C3D440E73744}.Release|Any CPU.Build.0 = Release|Any CPU
		{52C00B8B-9FDD-4F0F-9570-6641EF65086E}.Debug|Any CPU.ActiveCfg = Debug|Any CPU
		{52C00B8B-9FDD-4F0F-9570-6641EF65086E}.Debug|Any CPU.Build.0 = Debug|Any CPU
		{52C00B8B-9FDD-4F0F-9570-6641EF65086E}.Release|Any CPU.ActiveCfg = Release|Any CPU
		{52C00B8B-9FDD-4F0F-9570-6641EF65086E}.Release|Any CPU.Build.0 = Release|Any CPU
		{8DA09A28-62D8-4CC2-A975-CCE0CF0DA4B9}.Debug|Any CPU.ActiveCfg = Debug|Any CPU
		{8DA09A28-62D8-4CC2-A975-CCE0CF0DA4B9}.Debug|Any CPU.Build.0 = Debug|Any CPU
		{8DA09A28-62D8-4CC2-A975-CCE0CF0DA4B9}.Release|Any CPU.ActiveCfg = Release|Any CPU
		{8DA09A28-62D8-4CC2-A975-CCE0CF0DA4B9}.Release|Any CPU.Build.0 = Release|Any CPU
	EndGlobalSection
	GlobalSection(SolutionProperties) = preSolution
		HideSolutionNode = FALSE
	EndGlobalSection
EndGlobal
